
Microsoft Visual Studio Solution File, Format Version 12.00
# Visual Studio Version 16
VisualStudioVersion = 16.0.31702.278
MinimumVisualStudioVersion = 10.0.40219.1
Project("{9A19103F-16F7-4668-BE54-9A1E7A4F7556}") = "TSP_Engine", "TSP_Engine\TSP_Engine.csproj", "{856FC009-8DC3-4177-AFB4-9F7DCCC251EC}"
EndProject
Project("{9A19103F-16F7-4668-BE54-9A1E7A4F7556}") = "TSP_oM", "TSP_oM\TSP_oM.csproj", "{34E7C8D1-13EF-4166-BC76-30494987C8F1}"
EndProject
Project("{FAE04EC0-301F-11D3-BF4B-00C04F79EFBC}") = "StartUp", "StartUp\StartUp.csproj", "{F3CFBE1C-6DF8-4621-9D32-4B36EF9C0CC3}"
EndProject
Global
	GlobalSection(SolutionConfigurationPlatforms) = preSolution
		Debug|Any CPU = Debug|Any CPU
		Release|Any CPU = Release|Any CPU
	EndGlobalSection
	GlobalSection(ProjectConfigurationPlatforms) = postSolution
		{856FC009-8DC3-4177-AFB4-9F7DCCC251EC}.Debug|Any CPU.ActiveCfg = Debug|Any CPU
		{856FC009-8DC3-4177-AFB4-9F7DCCC251EC}.Debug|Any CPU.Build.0 = Debug|Any CPU
		{856FC009-8DC3-4177-AFB4-9F7DCCC251EC}.Release|Any CPU.ActiveCfg = Release|Any CPU
		{856FC009-8DC3-4177-AFB4-9F7DCCC251EC}.Release|Any CPU.Build.0 = Release|Any CPU
		{34E7C8D1-13EF-4166-BC76-30494987C8F1}.Debug|Any CPU.ActiveCfg = Debug|Any CPU
		{34E7C8D1-13EF-4166-BC76-30494987C8F1}.Debug|Any CPU.Build.0 = Debug|Any CPU
		{34E7C8D1-13EF-4166-BC76-30494987C8F1}.Release|Any CPU.ActiveCfg = Release|Any CPU
		{34E7C8D1-13EF-4166-BC76-30494987C8F1}.Release|Any CPU.Build.0 = Release|Any CPU
		{F3CFBE1C-6DF8-4621-9D32-4B36EF9C0CC3}.Debug|Any CPU.ActiveCfg = Debug|Any CPU
		{F3CFBE1C-6DF8-4621-9D32-4B36EF9C0CC3}.Debug|Any CPU.Build.0 = Debug|Any CPU
		{F3CFBE1C-6DF8-4621-9D32-4B36EF9C0CC3}.Release|Any CPU.ActiveCfg = Release|Any CPU
		{F3CFBE1C-6DF8-4621-9D32-4B36EF9C0CC3}.Release|Any CPU.Build.0 = Release|Any CPU
	EndGlobalSection
	GlobalSection(SolutionProperties) = preSolution
		HideSolutionNode = FALSE
	EndGlobalSection
	GlobalSection(ExtensibilityGlobals) = postSolution
		SolutionGuid = {C24E26FC-55BB-43A2-9C18-002FA62F0F2F}
	EndGlobalSection
EndGlobal
